{
  "pins" : [
    {
      "identity" : "ios-training",
      "kind" : "remoteSourceControl",
      "location" : "https://github.com/yumemi-inc/ios-training.git",
      "state" : {
        "branch" : "main",
        "revision" : "2289eea940ac69a66b3ebb07ac688c842068380a"
      }
    }
  ],
  "version" : 2
}
