// !$*UTF8*$!
{
	archiveVersion = 1;
	classes = {
	};
	objectVersion = 56;
	objects = {

/* Begin PBXBuildFile section */
		E31B1E34292C70A900C57E79 /* AppDelegate.swift in Sources */ = {isa = PBXBuildFile; fileRef = E31B1E33292C70A900C57E79 /* AppDelegate.swift */; };
		E31B1E36292C70A900C57E79 /* SceneDelegate.swift in Sources */ = {isa = PBXBuildFile; fileRef = E31B1E35292C70A900C57E79 /* SceneDelegate.swift */; };
		E31B1E38292C70A900C57E79 /* WeatherViewController.swift in Sources */ = {isa = PBXBuildFile; fileRef = E31B1E37292C70A900C57E79 /* WeatherViewController.swift */; };
		E31B1E3D292C70A900C57E79 /* Assets.xcassets in Resources */ = {isa = PBXBuildFile; fileRef = E31B1E3C292C70A900C57E79 /* Assets.xcassets */; };
		E31B1E40292C70A900C57E79 /* LaunchScreen.storyboard in Resources */ = {isa = PBXBuildFile; fileRef = E31B1E3E292C70A900C57E79 /* LaunchScreen.storyboard */; };
		E31B1E4B292C70A900C57E79 /* ios_training_Ryosuke1025Tests.swift in Sources */ = {isa = PBXBuildFile; fileRef = E31B1E4A292C70A900C57E79 /* ios_training_Ryosuke1025Tests.swift */; };
		E31B1E55292C70A900C57E79 /* ios_training_Ryosuke1025UITests.swift in Sources */ = {isa = PBXBuildFile; fileRef = E31B1E54292C70A900C57E79 /* ios_training_Ryosuke1025UITests.swift */; };
		E31B1E57292C70A900C57E79 /* ios_training_Ryosuke1025UITestsLaunchTests.swift in Sources */ = {isa = PBXBuildFile; fileRef = E31B1E56292C70A900C57E79 /* ios_training_Ryosuke1025UITestsLaunchTests.swift */; };
		E31B1E65292C72E900C57E79 /* YumemiWeather in Frameworks */ = {isa = PBXBuildFile; productRef = E31B1E64292C72E900C57E79 /* YumemiWeather */; };
		E31B1E6929308E7900C57E79 /* EmptyViewController.swift in Sources */ = {isa = PBXBuildFile; fileRef = E31B1E6829308E7900C57E79 /* EmptyViewController.swift */; };
		E31B1E6B2935C6E300C57E79 /* WeatherModel.swift in Sources */ = {isa = PBXBuildFile; fileRef = E31B1E6A2935C6E300C57E79 /* WeatherModel.swift */; };
		E3B4324D293995310049255C /* WeatherView.storyboard in Resources */ = {isa = PBXBuildFile; fileRef = E3B4324C293995310049255C /* WeatherView.storyboard */; };
		E3CDA623293994F900909863 /* EmptyView.storyboard in Resources */ = {isa = PBXBuildFile; fileRef = E3CDA622293994F900909863 /* EmptyView.storyboard */; };
/* End PBXBuildFile section */

/* Begin PBXContainerItemProxy section */
		E31B1E47292C70A900C57E79 /* PBXContainerItemProxy */ = {
			isa = PBXContainerItemProxy;
			containerPortal = E31B1E28292C70A900C57E79 /* Project object */;
			proxyType = 1;
			remoteGlobalIDString = E31B1E2F292C70A900C57E79;
			remoteInfo = "ios-training-Ryosuke1025";
		};
		E31B1E51292C70A900C57E79 /* PBXContainerItemProxy */ = {
			isa = PBXContainerItemProxy;
			containerPortal = E31B1E28292C70A900C57E79 /* Project object */;
			proxyType = 1;
			remoteGlobalIDString = E31B1E2F292C70A900C57E79;
			remoteInfo = "ios-training-Ryosuke1025";
		};
/* End PBXContainerItemProxy section */

/* Begin PBXFileReference section */
		E31B1E30292C70A900C57E79 /* ios-training-Ryosuke1025.app */ = {isa = PBXFileReference; explicitFileType = wrapper.application; includeInIndex = 0; path = "ios-training-Ryosuke1025.app"; sourceTree = BUILT_PRODUCTS_DIR; };
		E31B1E33292C70A900C57E79 /* AppDelegate.swift */ = {isa = PBXFileReference; lastKnownFileType = sourcecode.swift; path = AppDelegate.swift; sourceTree = "<group>"; };
		E31B1E35292C70A900C57E79 /* SceneDelegate.swift */ = {isa = PBXFileReference; lastKnownFileType = sourcecode.swift; path = SceneDelegate.swift; sourceTree = "<group>"; };
		E31B1E37292C70A900C57E79 /* WeatherViewController.swift */ = {isa = PBXFileReference; lastKnownFileType = sourcecode.swift; path = WeatherViewController.swift; sourceTree = "<group>"; };
		E31B1E3C292C70A900C57E79 /* Assets.xcassets */ = {isa = PBXFileReference; lastKnownFileType = folder.assetcatalog; path = Assets.xcassets; sourceTree = "<group>"; };
		E31B1E3F292C70A900C57E79 /* Base */ = {isa = PBXFileReference; lastKnownFileType = file.storyboard; name = Base; path = Base.lproj/LaunchScreen.storyboard; sourceTree = "<group>"; };
		E31B1E41292C70A900C57E79 /* Info.plist */ = {isa = PBXFileReference; lastKnownFileType = text.plist.xml; path = Info.plist; sourceTree = "<group>"; };
		E31B1E46292C70A900C57E79 /* ios-training-Ryosuke1025Tests.xctest */ = {isa = PBXFileReference; explicitFileType = wrapper.cfbundle; includeInIndex = 0; path = "ios-training-Ryosuke1025Tests.xctest"; sourceTree = BUILT_PRODUCTS_DIR; };
		E31B1E4A292C70A900C57E79 /* ios_training_Ryosuke1025Tests.swift */ = {isa = PBXFileReference; lastKnownFileType = sourcecode.swift; path = ios_training_Ryosuke1025Tests.swift; sourceTree = "<group>"; };
		E31B1E50292C70A900C57E79 /* ios-training-Ryosuke1025UITests.xctest */ = {isa = PBXFileReference; explicitFileType = wrapper.cfbundle; includeInIndex = 0; path = "ios-training-Ryosuke1025UITests.xctest"; sourceTree = BUILT_PRODUCTS_DIR; };
		E31B1E54292C70A900C57E79 /* ios_training_Ryosuke1025UITests.swift */ = {isa = PBXFileReference; lastKnownFileType = sourcecode.swift; path = ios_training_Ryosuke1025UITests.swift; sourceTree = "<group>"; };
		E31B1E56292C70A900C57E79 /* ios_training_Ryosuke1025UITestsLaunchTests.swift */ = {isa = PBXFileReference; lastKnownFileType = sourcecode.swift; path = ios_training_Ryosuke1025UITestsLaunchTests.swift; sourceTree = "<group>"; };
		E31B1E6829308E7900C57E79 /* EmptyViewController.swift */ = {isa = PBXFileReference; lastKnownFileType = sourcecode.swift; path = EmptyViewController.swift; sourceTree = "<group>"; };
		E31B1E6A2935C6E300C57E79 /* WeatherModel.swift */ = {isa = PBXFileReference; lastKnownFileType = sourcecode.swift; path = WeatherModel.swift; sourceTree = "<group>"; };
		E3B4324C293995310049255C /* WeatherView.storyboard */ = {isa = PBXFileReference; fileEncoding = 4; lastKnownFileType = file.storyboard; path = WeatherView.storyboard; sourceTree = "<group>"; };
		E3CDA622293994F900909863 /* EmptyView.storyboard */ = {isa = PBXFileReference; fileEncoding = 4; lastKnownFileType = file.storyboard; path = EmptyView.storyboard; sourceTree = "<group>"; };
/* End PBXFileReference section */

/* Begin PBXFrameworksBuildPhase section */
		E31B1E2D292C70A900C57E79 /* Frameworks */ = {
			isa = PBXFrameworksBuildPhase;
			buildActionMask = 2147483647;
			files = (
				E31B1E65292C72E900C57E79 /* YumemiWeather in Frameworks */,
			);
			runOnlyForDeploymentPostprocessing = 0;
		};
		E31B1E43292C70A900C57E79 /* Frameworks */ = {
			isa = PBXFrameworksBuildPhase;
			buildActionMask = 2147483647;
			files = (
			);
			runOnlyForDeploymentPostprocessing = 0;
		};
		E31B1E4D292C70A900C57E79 /* Frameworks */ = {
			isa = PBXFrameworksBuildPhase;
			buildActionMask = 2147483647;
			files = (
			);
			runOnlyForDeploymentPostprocessing = 0;
		};
/* End PBXFrameworksBuildPhase section */

/* Begin PBXGroup section */
		E31B1E27292C70A900C57E79 = {
			isa = PBXGroup;
			children = (
				E31B1E32292C70A900C57E79 /* ios-training-Ryosuke1025 */,
				E31B1E49292C70A900C57E79 /* ios-training-Ryosuke1025Tests */,
				E31B1E53292C70A900C57E79 /* ios-training-Ryosuke1025UITests */,
				E31B1E31292C70A900C57E79 /* Products */,
			);
			sourceTree = "<group>";
		};
		E31B1E31292C70A900C57E79 /* Products */ = {
			isa = PBXGroup;
			children = (
				E31B1E30292C70A900C57E79 /* ios-training-Ryosuke1025.app */,
				E31B1E46292C70A900C57E79 /* ios-training-Ryosuke1025Tests.xctest */,
				E31B1E50292C70A900C57E79 /* ios-training-Ryosuke1025UITests.xctest */,
			);
			name = Products;
			sourceTree = "<group>";
		};
		E31B1E32292C70A900C57E79 /* ios-training-Ryosuke1025 */ = {
			isa = PBXGroup;
			children = (
				E31B1E33292C70A900C57E79 /* AppDelegate.swift */,
				E31B1E35292C70A900C57E79 /* SceneDelegate.swift */,
				E31B1E6C293983DF00C57E79 /* Controller */,
				E31B1E6D2939840100C57E79 /* Model */,
				E31B1E6E2939842400C57E79 /* View */,
				E31B1E3E292C70A900C57E79 /* LaunchScreen.storyboard */,
				E31B1E41292C70A900C57E79 /* Info.plist */,
			);
			path = "ios-training-Ryosuke1025";
			sourceTree = "<group>";
		};
		E31B1E49292C70A900C57E79 /* ios-training-Ryosuke1025Tests */ = {
			isa = PBXGroup;
			children = (
				E31B1E4A292C70A900C57E79 /* ios_training_Ryosuke1025Tests.swift */,
			);
			path = "ios-training-Ryosuke1025Tests";
			sourceTree = "<group>";
		};
		E31B1E53292C70A900C57E79 /* ios-training-Ryosuke1025UITests */ = {
			isa = PBXGroup;
			children = (
				E31B1E54292C70A900C57E79 /* ios_training_Ryosuke1025UITests.swift */,
				E31B1E56292C70A900C57E79 /* ios_training_Ryosuke1025UITestsLaunchTests.swift */,
			);
			path = "ios-training-Ryosuke1025UITests";
			sourceTree = "<group>";
		};
		E31B1E6C293983DF00C57E79 /* Controller */ = {
			isa = PBXGroup;
			children = (
				E31B1E37292C70A900C57E79 /* WeatherViewController.swift */,
				E31B1E6829308E7900C57E79 /* EmptyViewController.swift */,
			);
			path = Controller;
			sourceTree = "<group>";
		};
		E31B1E6D2939840100C57E79 /* Model */ = {
			isa = PBXGroup;
			children = (
				E31B1E6A2935C6E300C57E79 /* WeatherModel.swift */,
			);
			path = Model;
			sourceTree = "<group>";
		};
		E31B1E6E2939842400C57E79 /* View */ = {
			isa = PBXGroup;
			children = (
				E3CDA622293994F900909863 /* EmptyView.storyboard */,
				E3B4324C293995310049255C /* WeatherView.storyboard */,
				E31B1E3C292C70A900C57E79 /* Assets.xcassets */,
			);
			path = View;
			sourceTree = "<group>";
		};
/* End PBXGroup section */

/* Begin PBXNativeTarget section */
		E31B1E2F292C70A900C57E79 /* ios-training-Ryosuke1025 */ = {
			isa = PBXNativeTarget;
			buildConfigurationList = E31B1E5A292C70A900C57E79 /* Build configuration list for PBXNativeTarget "ios-training-Ryosuke1025" */;
			buildPhases = (
				E31B1E2C292C70A900C57E79 /* Sources */,
				E31B1E2D292C70A900C57E79 /* Frameworks */,
				E31B1E2E292C70A900C57E79 /* Resources */,
			);
			buildRules = (
			);
			dependencies = (
			);
			name = "ios-training-Ryosuke1025";
			packageProductDependencies = (
				E31B1E64292C72E900C57E79 /* YumemiWeather */,
			);
			productName = "ios-training-Ryosuke1025";
			productReference = E31B1E30292C70A900C57E79 /* ios-training-Ryosuke1025.app */;
			productType = "com.apple.product-type.application";
		};
		E31B1E45292C70A900C57E79 /* ios-training-Ryosuke1025Tests */ = {
			isa = PBXNativeTarget;
			buildConfigurationList = E31B1E5D292C70A900C57E79 /* Build configuration list for PBXNativeTarget "ios-training-Ryosuke1025Tests" */;
			buildPhases = (
				E31B1E42292C70A900C57E79 /* Sources */,
				E31B1E43292C70A900C57E79 /* Frameworks */,
				E31B1E44292C70A900C57E79 /* Resources */,
			);
			buildRules = (
			);
			dependencies = (
				E31B1E48292C70A900C57E79 /* PBXTargetDependency */,
			);
			name = "ios-training-Ryosuke1025Tests";
			productName = "ios-training-Ryosuke1025Tests";
			productReference = E31B1E46292C70A900C57E79 /* ios-training-Ryosuke1025Tests.xctest */;
			productType = "com.apple.product-type.bundle.unit-test";
		};
		E31B1E4F292C70A900C57E79 /* ios-training-Ryosuke1025UITests */ = {
			isa = PBXNativeTarget;
			buildConfigurationList = E31B1E60292C70A900C57E79 /* Build configuration list for PBXNativeTarget "ios-training-Ryosuke1025UITests" */;
			buildPhases = (
				E31B1E4C292C70A900C57E79 /* Sources */,
				E31B1E4D292C70A900C57E79 /* Frameworks */,
				E31B1E4E292C70A900C57E79 /* Resources */,
			);
			buildRules = (
			);
			dependencies = (
				E31B1E52292C70A900C57E79 /* PBXTargetDependency */,
			);
			name = "ios-training-Ryosuke1025UITests";
			productName = "ios-training-Ryosuke1025UITests";
			productReference = E31B1E50292C70A900C57E79 /* ios-training-Ryosuke1025UITests.xctest */;
			productType = "com.apple.product-type.bundle.ui-testing";
		};
/* End PBXNativeTarget section */

/* Begin PBXProject section */
		E31B1E28292C70A900C57E79 /* Project object */ = {
			isa = PBXProject;
			attributes = {
				BuildIndependentTargetsInParallel = 1;
				LastSwiftUpdateCheck = 1410;
				LastUpgradeCheck = 1410;
				TargetAttributes = {
					E31B1E2F292C70A900C57E79 = {
						CreatedOnToolsVersion = 14.1;
					};
					E31B1E45292C70A900C57E79 = {
						CreatedOnToolsVersion = 14.1;
						TestTargetID = E31B1E2F292C70A900C57E79;
					};
					E31B1E4F292C70A900C57E79 = {
						CreatedOnToolsVersion = 14.1;
						TestTargetID = E31B1E2F292C70A900C57E79;
					};
				};
			};
			buildConfigurationList = E31B1E2B292C70A900C57E79 /* Build configuration list for PBXProject "ios-training-Ryosuke1025" */;
			compatibilityVersion = "Xcode 14.0";
			developmentRegion = en;
			hasScannedForEncodings = 0;
			knownRegions = (
				en,
				Base,
			);
			mainGroup = E31B1E27292C70A900C57E79;
			packageReferences = (
				E31B1E63292C72E900C57E79 /* XCRemoteSwiftPackageReference "ios-training" */,
			);
			productRefGroup = E31B1E31292C70A900C57E79 /* Products */;
			projectDirPath = "";
			projectRoot = "";
			targets = (
				E31B1E2F292C70A900C57E79 /* ios-training-Ryosuke1025 */,
				E31B1E45292C70A900C57E79 /* ios-training-Ryosuke1025Tests */,
				E31B1E4F292C70A900C57E79 /* ios-training-Ryosuke1025UITests */,
			);
		};
/* End PBXProject section */

/* Begin PBXResourcesBuildPhase section */
		E31B1E2E292C70A900C57E79 /* Resources */ = {
			isa = PBXResourcesBuildPhase;
			buildActionMask = 2147483647;
			files = (
				E31B1E40292C70A900C57E79 /* LaunchScreen.storyboard in Resources */,
				E3B4324D293995310049255C /* WeatherView.storyboard in Resources */,
				E31B1E3D292C70A900C57E79 /* Assets.xcassets in Resources */,
				E3CDA623293994F900909863 /* EmptyView.storyboard in Resources */,
			);
			runOnlyForDeploymentPostprocessing = 0;
		};
		E31B1E44292C70A900C57E79 /* Resources */ = {
			isa = PBXResourcesBuildPhase;
			buildActionMask = 2147483647;
			files = (
			);
			runOnlyForDeploymentPostprocessing = 0;
		};
		E31B1E4E292C70A900C57E79 /* Resources */ = {
			isa = PBXResourcesBuildPhase;
			buildActionMask = 2147483647;
			files = (
			);
			runOnlyForDeploymentPostprocessing = 0;
		};
/* End PBXResourcesBuildPhase section */

/* Begin PBXSourcesBuildPhase section */
		E31B1E2C292C70A900C57E79 /* Sources */ = {
			isa = PBXSourcesBuildPhase;
			buildActionMask = 2147483647;
			files = (
				E31B1E38292C70A900C57E79 /* WeatherViewController.swift in Sources */,
				E31B1E34292C70A900C57E79 /* AppDelegate.swift in Sources */,
				E31B1E6929308E7900C57E79 /* EmptyViewController.swift in Sources */,
				E31B1E36292C70A900C57E79 /* SceneDelegate.swift in Sources */,
				E31B1E6B2935C6E300C57E79 /* WeatherModel.swift in Sources */,
			);
			runOnlyForDeploymentPostprocessing = 0;
		};
		E31B1E42292C70A900C57E79 /* Sources */ = {
			isa = PBXSourcesBuildPhase;
			buildActionMask = 2147483647;
			files = (
				E31B1E4B292C70A900C57E79 /* ios_training_Ryosuke1025Tests.swift in Sources */,
			);
			runOnlyForDeploymentPostprocessing = 0;
		};
		E31B1E4C292C70A900C57E79 /* Sources */ = {
			isa = PBXSourcesBuildPhase;
			buildActionMask = 2147483647;
			files = (
				E31B1E55292C70A900C57E79 /* ios_training_Ryosuke1025UITests.swift in Sources */,
				E31B1E57292C70A900C57E79 /* ios_training_Ryosuke1025UITestsLaunchTests.swift in Sources */,
			);
			runOnlyForDeploymentPostprocessing = 0;
		};
/* End PBXSourcesBuildPhase section */

/* Begin PBXTargetDependency section */
		E31B1E48292C70A900C57E79 /* PBXTargetDependency */ = {
			isa = PBXTargetDependency;
			target = E31B1E2F292C70A900C57E79 /* ios-training-Ryosuke1025 */;
			targetProxy = E31B1E47292C70A900C57E79 /* PBXContainerItemProxy */;
		};
		E31B1E52292C70A900C57E79 /* PBXTargetDependency */ = {
			isa = PBXTargetDependency;
			target = E31B1E2F292C70A900C57E79 /* ios-training-Ryosuke1025 */;
			targetProxy = E31B1E51292C70A900C57E79 /* PBXContainerItemProxy */;
		};
/* End PBXTargetDependency section */

/* Begin PBXVariantGroup section */
		E31B1E3E292C70A900C57E79 /* LaunchScreen.storyboard */ = {
			isa = PBXVariantGroup;
			children = (
				E31B1E3F292C70A900C57E79 /* Base */,
			);
			name = LaunchScreen.storyboard;
			sourceTree = "<group>";
		};
/* End PBXVariantGroup section */

/* Begin XCBuildConfiguration section */
		E31B1E58292C70A900C57E79 /* Debug */ = {
			isa = XCBuildConfiguration;
			buildSettings = {
				ALWAYS_SEARCH_USER_PATHS = NO;
				CLANG_ANALYZER_NONNULL = YES;
				CLANG_ANALYZER_NUMBER_OBJECT_CONVERSION = YES_AGGRESSIVE;
				CLANG_CXX_LANGUAGE_STANDARD = "gnu++20";
				CLANG_ENABLE_MODULES = YES;
				CLANG_ENABLE_OBJC_ARC = YES;
				CLANG_ENABLE_OBJC_WEAK = YES;
				CLANG_WARN_BLOCK_CAPTURE_AUTORELEASING = YES;
				CLANG_WARN_BOOL_CONVERSION = YES;
				CLANG_WARN_COMMA = YES;
				CLANG_WARN_CONSTANT_CONVERSION = YES;
				CLANG_WARN_DEPRECATED_OBJC_IMPLEMENTATIONS = YES;
				CLANG_WARN_DIRECT_OBJC_ISA_USAGE = YES_ERROR;
				CLANG_WARN_DOCUMENTATION_COMMENTS = YES;
				CLANG_WARN_EMPTY_BODY = YES;
				CLANG_WARN_ENUM_CONVERSION = YES;
				CLANG_WARN_INFINITE_RECURSION = YES;
				CLANG_WARN_INT_CONVERSION = YES;
				CLANG_WARN_NON_LITERAL_NULL_CONVERSION = YES;
				CLANG_WARN_OBJC_IMPLICIT_RETAIN_SELF = YES;
				CLANG_WARN_OBJC_LITERAL_CONVERSION = YES;
				CLANG_WARN_OBJC_ROOT_CLASS = YES_ERROR;
				CLANG_WARN_QUOTED_INCLUDE_IN_FRAMEWORK_HEADER = YES;
				CLANG_WARN_RANGE_LOOP_ANALYSIS = YES;
				CLANG_WARN_STRICT_PROTOTYPES = YES;
				CLANG_WARN_SUSPICIOUS_MOVE = YES;
				CLANG_WARN_UNGUARDED_AVAILABILITY = YES_AGGRESSIVE;
				CLANG_WARN_UNREACHABLE_CODE = YES;
				CLANG_WARN__DUPLICATE_METHOD_MATCH = YES;
				COPY_PHASE_STRIP = NO;
				DEBUG_INFORMATION_FORMAT = dwarf;
				ENABLE_STRICT_OBJC_MSGSEND = YES;
				ENABLE_TESTABILITY = YES;
				GCC_C_LANGUAGE_STANDARD = gnu11;
				GCC_DYNAMIC_NO_PIC = NO;
				GCC_NO_COMMON_BLOCKS = YES;
				GCC_OPTIMIZATION_LEVEL = 0;
				GCC_PREPROCESSOR_DEFINITIONS = (
					"DEBUG=1",
					"$(inherited)",
				);
				GCC_WARN_64_TO_32_BIT_CONVERSION = YES;
				GCC_WARN_ABOUT_RETURN_TYPE = YES_ERROR;
				GCC_WARN_UNDECLARED_SELECTOR = YES;
				GCC_WARN_UNINITIALIZED_AUTOS = YES_AGGRESSIVE;
				GCC_WARN_UNUSED_FUNCTION = YES;
				GCC_WARN_UNUSED_VARIABLE = YES;
				IPHONEOS_DEPLOYMENT_TARGET = 16.1;
				MTL_ENABLE_DEBUG_INFO = INCLUDE_SOURCE;
				MTL_FAST_MATH = YES;
				ONLY_ACTIVE_ARCH = YES;
				SDKROOT = iphoneos;
				SWIFT_ACTIVE_COMPILATION_CONDITIONS = DEBUG;
				SWIFT_OPTIMIZATION_LEVEL = "-Onone";
			};
			name = Debug;
		};
		E31B1E59292C70A900C57E79 /* Release */ = {
			isa = XCBuildConfiguration;
			buildSettings = {
				ALWAYS_SEARCH_USER_PATHS = NO;
				CLANG_ANALYZER_NONNULL = YES;
				CLANG_ANALYZER_NUMBER_OBJECT_CONVERSION = YES_AGGRESSIVE;
				CLANG_CXX_LANGUAGE_STANDARD = "gnu++20";
				CLANG_ENABLE_MODULES = YES;
				CLANG_ENABLE_OBJC_ARC = YES;
				CLANG_ENABLE_OBJC_WEAK = YES;
				CLANG_WARN_BLOCK_CAPTURE_AUTORELEASING = YES;
				CLANG_WARN_BOOL_CONVERSION = YES;
				CLANG_WARN_COMMA = YES;
				CLANG_WARN_CONSTANT_CONVERSION = YES;
				CLANG_WARN_DEPRECATED_OBJC_IMPLEMENTATIONS = YES;
				CLANG_WARN_DIRECT_OBJC_ISA_USAGE = YES_ERROR;
				CLANG_WARN_DOCUMENTATION_COMMENTS = YES;
				CLANG_WARN_EMPTY_BODY = YES;
				CLANG_WARN_ENUM_CONVERSION = YES;
				CLANG_WARN_INFINITE_RECURSION = YES;
				CLANG_WARN_INT_CONVERSION = YES;
				CLANG_WARN_NON_LITERAL_NULL_CONVERSION = YES;
				CLANG_WARN_OBJC_IMPLICIT_RETAIN_SELF = YES;
				CLANG_WARN_OBJC_LITERAL_CONVERSION = YES;
				CLANG_WARN_OBJC_ROOT_CLASS = YES_ERROR;
				CLANG_WARN_QUOTED_INCLUDE_IN_FRAMEWORK_HEADER = YES;
				CLANG_WARN_RANGE_LOOP_ANALYSIS = YES;
				CLANG_WARN_STRICT_PROTOTYPES = YES;
				CLANG_WARN_SUSPICIOUS_MOVE = YES;
				CLANG_WARN_UNGUARDED_AVAILABILITY = YES_AGGRESSIVE;
				CLANG_WARN_UNREACHABLE_CODE = YES;
				CLANG_WARN__DUPLICATE_METHOD_MATCH = YES;
				COPY_PHASE_STRIP = NO;
				DEBUG_INFORMATION_FORMAT = "dwarf-with-dsym";
				ENABLE_NS_ASSERTIONS = NO;
				ENABLE_STRICT_OBJC_MSGSEND = YES;
				GCC_C_LANGUAGE_STANDARD = gnu11;
				GCC_NO_COMMON_BLOCKS = YES;
				GCC_WARN_64_TO_32_BIT_CONVERSION = YES;
				GCC_WARN_ABOUT_RETURN_TYPE = YES_ERROR;
				GCC_WARN_UNDECLARED_SELECTOR = YES;
				GCC_WARN_UNINITIALIZED_AUTOS = YES_AGGRESSIVE;
				GCC_WARN_UNUSED_FUNCTION = YES;
				GCC_WARN_UNUSED_VARIABLE = YES;
				IPHONEOS_DEPLOYMENT_TARGET = 16.1;
				MTL_ENABLE_DEBUG_INFO = NO;
				MTL_FAST_MATH = YES;
				SDKROOT = iphoneos;
				SWIFT_COMPILATION_MODE = wholemodule;
				SWIFT_OPTIMIZATION_LEVEL = "-O";
				VALIDATE_PRODUCT = YES;
			};
			name = Release;
		};
		E31B1E5B292C70A900C57E79 /* Debug */ = {
			isa = XCBuildConfiguration;
			buildSettings = {
				ASSETCATALOG_COMPILER_APPICON_NAME = AppIcon;
				ASSETCATALOG_COMPILER_GLOBAL_ACCENT_COLOR_NAME = AccentColor;
				CODE_SIGN_STYLE = Automatic;
				CURRENT_PROJECT_VERSION = 1;
				GENERATE_INFOPLIST_FILE = YES;
				INFOPLIST_FILE = "ios-training-Ryosuke1025/Info.plist";
				INFOPLIST_KEY_UIApplicationSupportsIndirectInputEvents = YES;
				INFOPLIST_KEY_UILaunchStoryboardName = LaunchScreen;
				INFOPLIST_KEY_UIMainStoryboardFile = WeatherView;
				INFOPLIST_KEY_UISupportedInterfaceOrientations_iPad = "UIInterfaceOrientationPortrait UIInterfaceOrientationPortraitUpsideDown UIInterfaceOrientationLandscapeLeft UIInterfaceOrientationLandscapeRight";
				INFOPLIST_KEY_UISupportedInterfaceOrientations_iPhone = "UIInterfaceOrientationPortrait UIInterfaceOrientationLandscapeLeft UIInterfaceOrientationLandscapeRight";
				LD_RUNPATH_SEARCH_PATHS = (
					"$(inherited)",
					"@executable_path/Frameworks",
				);
				MARKETING_VERSION = 1.0;
				PRODUCT_BUNDLE_IDENTIFIER = "com.ryosuke-suzaki.ios-training-Ryosuke1025";
				PRODUCT_NAME = "$(TARGET_NAME)";
				SWIFT_EMIT_LOC_STRINGS = YES;
				SWIFT_VERSION = 5.0;
				TARGETED_DEVICE_FAMILY = "1,2";
			};
			name = Debug;
		};
		E31B1E5C292C70A900C57E79 /* Release */ = {
			isa = XCBuildConfiguration;
			buildSettings = {
				ASSETCATALOG_COMPILER_APPICON_NAME = AppIcon;
				ASSETCATALOG_COMPILER_GLOBAL_ACCENT_COLOR_NAME = AccentColor;
				CODE_SIGN_STYLE = Automatic;
				CURRENT_PROJECT_VERSION = 1;
				GENERATE_INFOPLIST_FILE = YES;
				INFOPLIST_FILE = "ios-training-Ryosuke1025/Info.plist";
				INFOPLIST_KEY_UIApplicationSupportsIndirectInputEvents = YES;
				INFOPLIST_KEY_UILaunchStoryboardName = LaunchScreen;
				INFOPLIST_KEY_UIMainStoryboardFile = WeatherView;
				INFOPLIST_KEY_UISupportedInterfaceOrientations_iPad = "UIInterfaceOrientationPortrait UIInterfaceOrientationPortraitUpsideDown UIInterfaceOrientationLandscapeLeft UIInterfaceOrientationLandscapeRight";
				INFOPLIST_KEY_UISupportedInterfaceOrientations_iPhone = "UIInterfaceOrientationPortrait UIInterfaceOrientationLandscapeLeft UIInterfaceOrientationLandscapeRight";
				LD_RUNPATH_SEARCH_PATHS = (
					"$(inherited)",
					"@executable_path/Frameworks",
				);
				MARKETING_VERSION = 1.0;
				PRODUCT_BUNDLE_IDENTIFIER = "com.ryosuke-suzaki.ios-training-Ryosuke1025";
				PRODUCT_NAME = "$(TARGET_NAME)";
				SWIFT_EMIT_LOC_STRINGS = YES;
				SWIFT_VERSION = 5.0;
				TARGETED_DEVICE_FAMILY = "1,2";
			};
			name = Release;
		};
		E31B1E5E292C70A900C57E79 /* Debug */ = {
			isa = XCBuildConfiguration;
			buildSettings = {
				ALWAYS_EMBED_SWIFT_STANDARD_LIBRARIES = YES;
				BUNDLE_LOADER = "$(TEST_HOST)";
				CODE_SIGN_STYLE = Automatic;
				CURRENT_PROJECT_VERSION = 1;
				GENERATE_INFOPLIST_FILE = YES;
				IPHONEOS_DEPLOYMENT_TARGET = 16.1;
				MARKETING_VERSION = 1.0;
				PRODUCT_BUNDLE_IDENTIFIER = "com.ryosuke-suzaki.ios-training-Ryosuke1025Tests";
				PRODUCT_NAME = "$(TARGET_NAME)";
				SWIFT_EMIT_LOC_STRINGS = NO;
				SWIFT_VERSION = 5.0;
				TARGETED_DEVICE_FAMILY = "1,2";
				TEST_HOST = "$(BUILT_PRODUCTS_DIR)/ios-training-Ryosuke1025.app/$(BUNDLE_EXECUTABLE_FOLDER_PATH)/ios-training-Ryosuke1025";
			};
			name = Debug;
		};
		E31B1E5F292C70A900C57E79 /* Release */ = {
			isa = XCBuildConfiguration;
			buildSettings = {
				ALWAYS_EMBED_SWIFT_STANDARD_LIBRARIES = YES;
				BUNDLE_LOADER = "$(TEST_HOST)";
				CODE_SIGN_STYLE = Automatic;
				CURRENT_PROJECT_VERSION = 1;
				GENERATE_INFOPLIST_FILE = YES;
				IPHONEOS_DEPLOYMENT_TARGET = 16.1;
				MARKETING_VERSION = 1.0;
				PRODUCT_BUNDLE_IDENTIFIER = "com.ryosuke-suzaki.ios-training-Ryosuke1025Tests";
				PRODUCT_NAME = "$(TARGET_NAME)";
				SWIFT_EMIT_LOC_STRINGS = NO;
				SWIFT_VERSION = 5.0;
				TARGETED_DEVICE_FAMILY = "1,2";
				TEST_HOST = "$(BUILT_PRODUCTS_DIR)/ios-training-Ryosuke1025.app/$(BUNDLE_EXECUTABLE_FOLDER_PATH)/ios-training-Ryosuke1025";
			};
			name = Release;
		};
		E31B1E61292C70A900C57E79 /* Debug */ = {
			isa = XCBuildConfiguration;
			buildSettings = {
				ALWAYS_EMBED_SWIFT_STANDARD_LIBRARIES = YES;
				CODE_SIGN_STYLE = Automatic;
				CURRENT_PROJECT_VERSION = 1;
				GENERATE_INFOPLIST_FILE = YES;
				MARKETING_VERSION = 1.0;
				PRODUCT_BUNDLE_IDENTIFIER = "com.ryosuke-suzaki.ios-training-Ryosuke1025UITests";
				PRODUCT_NAME = "$(TARGET_NAME)";
				SWIFT_EMIT_LOC_STRINGS = NO;
				SWIFT_VERSION = 5.0;
				TARGETED_DEVICE_FAMILY = "1,2";
				TEST_TARGET_NAME = "ios-training-Ryosuke1025";
			};
			name = Debug;
		};
		E31B1E62292C70A900C57E79 /* Release */ = {
			isa = XCBuildConfiguration;
			buildSettings = {
				ALWAYS_EMBED_SWIFT_STANDARD_LIBRARIES = YES;
				CODE_SIGN_STYLE = Automatic;
				CURRENT_PROJECT_VERSION = 1;
				GENERATE_INFOPLIST_FILE = YES;
				MARKETING_VERSION = 1.0;
				PRODUCT_BUNDLE_IDENTIFIER = "com.ryosuke-suzaki.ios-training-Ryosuke1025UITests";
				PRODUCT_NAME = "$(TARGET_NAME)";
				SWIFT_EMIT_LOC_STRINGS = NO;
				SWIFT_VERSION = 5.0;
				TARGETED_DEVICE_FAMILY = "1,2";
				TEST_TARGET_NAME = "ios-training-Ryosuke1025";
			};
			name = Release;
		};
/* End XCBuildConfiguration section */

/* Begin XCConfigurationList section */
		E31B1E2B292C70A900C57E79 /* Build configuration list for PBXProject "ios-training-Ryosuke1025" */ = {
			isa = XCConfigurationList;
			buildConfigurations = (
				E31B1E58292C70A900C57E79 /* Debug */,
				E31B1E59292C70A900C57E79 /* Release */,
			);
			defaultConfigurationIsVisible = 0;
			defaultConfigurationName = Release;
		};
		E31B1E5A292C70A900C57E79 /* Build configuration list for PBXNativeTarget "ios-training-Ryosuke1025" */ = {
			isa = XCConfigurationList;
			buildConfigurations = (
				E31B1E5B292C70A900C57E79 /* Debug */,
				E31B1E5C292C70A900C57E79 /* Release */,
			);
			defaultConfigurationIsVisible = 0;
			defaultConfigurationName = Release;
		};
		E31B1E5D292C70A900C57E79 /* Build configuration list for PBXNativeTarget "ios-training-Ryosuke1025Tests" */ = {
			isa = XCConfigurationList;
			buildConfigurations = (
				E31B1E5E292C70A900C57E79 /* Debug */,
				E31B1E5F292C70A900C57E79 /* Release */,
			);
			defaultConfigurationIsVisible = 0;
			defaultConfigurationName = Release;
		};
		E31B1E60292C70A900C57E79 /* Build configuration list for PBXNativeTarget "ios-training-Ryosuke1025UITests" */ = {
			isa = XCConfigurationList;
			buildConfigurations = (
				E31B1E61292C70A900C57E79 /* Debug */,
				E31B1E62292C70A900C57E79 /* Release */,
			);
			defaultConfigurationIsVisible = 0;
			defaultConfigurationName = Release;
		};
/* End XCConfigurationList section */

/* Begin XCRemoteSwiftPackageReference section */
		E31B1E63292C72E900C57E79 /* XCRemoteSwiftPackageReference "ios-training" */ = {
			isa = XCRemoteSwiftPackageReference;
			repositoryURL = "https://github.com/yumemi-inc/ios-training.git";
			requirement = {
				branch = main;
				kind = branch;
			};
		};
/* End XCRemoteSwiftPackageReference section */

/* Begin XCSwiftPackageProductDependency section */
		E31B1E64292C72E900C57E79 /* YumemiWeather */ = {
			isa = XCSwiftPackageProductDependency;
			package = E31B1E63292C72E900C57E79 /* XCRemoteSwiftPackageReference "ios-training" */;
			productName = YumemiWeather;
		};
/* End XCSwiftPackageProductDependency section */
	};
	rootObject = E31B1E28292C70A900C57E79 /* Project object */;
}
